
Microsoft Visual Studio Solution File, Format Version 12.00
# Visual Studio 15
VisualStudioVersion = 15.0.27130.2027
MinimumVisualStudioVersion = 10.0.40219.1
Project("{FAE04EC0-301F-11D3-BF4B-00C04F79EFBC}") = "TypingGame01", "TypingGame01\TypingGame01.csproj", "{AD90B157-397B-4FF9-9CF8-A23A427C0487}"
EndProject
Global
	GlobalSection(SolutionConfigurationPlatforms) = preSolution
		Debug|Any CPU = Debug|Any CPU
		Release|Any CPU = Release|Any CPU
	EndGlobalSection
	GlobalSection(ProjectConfigurationPlatforms) = postSolution
		{AD90B157-397B-4FF9-9CF8-A23A427C0487}.Debug|Any CPU.ActiveCfg = Debug|Any CPU
		{AD90B157-397B-4FF9-9CF8-A23A427C0487}.Debug|Any CPU.Build.0 = Debug|Any CPU
		{AD90B157-397B-4FF9-9CF8-A23A427C0487}.Release|Any CPU.ActiveCfg = Release|Any CPU
		{AD90B157-397B-4FF9-9CF8-A23A427C0487}.Release|Any CPU.Build.0 = Release|Any CPU
	EndGlobalSection
	GlobalSection(SolutionProperties) = preSolution
		HideSolutionNode = FALSE
	EndGlobalSection
	GlobalSection(ExtensibilityGlobals) = postSolution
		SolutionGuid = {6DAEFE19-A734-4281-AC48-79FCD5281EFB}
	EndGlobalSection
EndGlobal
